
Microsoft Visual Studio Solution File, Format Version 12.00
# Visual Studio Version 17
VisualStudioVersion = 17.0.32112.339
MinimumVisualStudioVersion = 10.0.40219.1
Project("{FAE04EC0-301F-11D3-BF4B-00C04F79EFBC}") = "Инженерный_калькулятор", "Инженерный_калькулятор\Инженерный_калькулятор.csproj", "{E43456FF-AD99-4F15-92C3-CCBCD990AF1A}"
EndProject
Global
	GlobalSection(SolutionConfigurationPlatforms) = preSolution
		Debug|Any CPU = Debug|Any CPU
		Release|Any CPU = Release|Any CPU
	EndGlobalSection
	GlobalSection(ProjectConfigurationPlatforms) = postSolution
		{E43456FF-AD99-4F15-92C3-CCBCD990AF1A}.Debug|Any CPU.ActiveCfg = Debug|Any CPU
		{E43456FF-AD99-4F15-92C3-CCBCD990AF1A}.Debug|Any CPU.Build.0 = Debug|Any CPU
		{E43456FF-AD99-4F15-92C3-CCBCD990AF1A}.Release|Any CPU.ActiveCfg = Release|Any CPU
		{E43456FF-AD99-4F15-92C3-CCBCD990AF1A}.Release|Any CPU.Build.0 = Release|Any CPU
	EndGlobalSection
	GlobalSection(SolutionProperties) = preSolution
		HideSolutionNode = FALSE
	EndGlobalSection
	GlobalSection(ExtensibilityGlobals) = postSolution
		SolutionGuid = {0E689657-4708-445D-B194-6D3E73EDFEB4}
	EndGlobalSection
EndGlobal
